
Microsoft Visual Studio Solution File, Format Version 12.00
# Visual Studio Version 17
VisualStudioVersion = 17.11.35208.52
MinimumVisualStudioVersion = 10.0.40219.1
Project("{FAE04EC0-301F-11D3-BF4B-00C04F79EFBC}") = "Event Registration System", "Event Registration System\Event Registration System.csproj", "{523653E1-8BCC-45EA-B4B8-3204AB540A3A}"
EndProject
Global
	GlobalSection(SolutionConfigurationPlatforms) = preSolution
		Debug|Any CPU = Debug|Any CPU
		Release|Any CPU = Release|Any CPU
	EndGlobalSection
	GlobalSection(ProjectConfigurationPlatforms) = postSolution
		{523653E1-8BCC-45EA-B4B8-3204AB540A3A}.Debug|Any CPU.ActiveCfg = Debug|Any CPU
		{523653E1-8BCC-45EA-B4B8-3204AB540A3A}.Debug|Any CPU.Build.0 = Debug|Any CPU
		{523653E1-8BCC-45EA-B4B8-3204AB540A3A}.Release|Any CPU.ActiveCfg = Release|Any CPU
		{523653E1-8BCC-45EA-B4B8-3204AB540A3A}.Release|Any CPU.Build.0 = Release|Any CPU
	EndGlobalSection
	GlobalSection(SolutionProperties) = preSolution
		HideSolutionNode = FALSE
	EndGlobalSection
	GlobalSection(ExtensibilityGlobals) = postSolution
		SolutionGuid = {772DEB82-4B43-4926-83C4-53B3CCEE2537}
	EndGlobalSection
EndGlobal
